
Microsoft Visual Studio Solution File, Format Version 12.00
# Visual Studio Version 17
VisualStudioVersion = 17.11.35219.272
MinimumVisualStudioVersion = 10.0.40219.1
Project("{FAE04EC0-301F-11D3-BF4B-00C04F79EFBC}") = "CRUD", "CRUD\CRUD.csproj", "{4F0A0B4D-DC60-4694-B2A3-EE2C8A686751}"
EndProject
Project("{FAE04EC0-301F-11D3-BF4B-00C04F79EFBC}") = "DBsql", "DBsql\DBsql.csproj", "{65658DB0-CB8D-4856-8B04-337F03953CE7}"
EndProject
Global
	GlobalSection(SolutionConfigurationPlatforms) = preSolution
		Debug|Any CPU = Debug|Any CPU
		Release|Any CPU = Release|Any CPU
	EndGlobalSection
	GlobalSection(ProjectConfigurationPlatforms) = postSolution
		{4F0A0B4D-DC60-4694-B2A3-EE2C8A686751}.Debug|Any CPU.ActiveCfg = Debug|Any CPU
		{4F0A0B4D-DC60-4694-B2A3-EE2C8A686751}.Debug|Any CPU.Build.0 = Debug|Any CPU
		{4F0A0B4D-DC60-4694-B2A3-EE2C8A686751}.Release|Any CPU.ActiveCfg = Release|Any CPU
		{4F0A0B4D-DC60-4694-B2A3-EE2C8A686751}.Release|Any CPU.Build.0 = Release|Any CPU
		{65658DB0-CB8D-4856-8B04-337F03953CE7}.Debug|Any CPU.ActiveCfg = Debug|Any CPU
		{65658DB0-CB8D-4856-8B04-337F03953CE7}.Debug|Any CPU.Build.0 = Debug|Any CPU
		{65658DB0-CB8D-4856-8B04-337F03953CE7}.Release|Any CPU.ActiveCfg = Release|Any CPU
		{65658DB0-CB8D-4856-8B04-337F03953CE7}.Release|Any CPU.Build.0 = Release|Any CPU
	EndGlobalSection
	GlobalSection(SolutionProperties) = preSolution
		HideSolutionNode = FALSE
	EndGlobalSection
	GlobalSection(ExtensibilityGlobals) = postSolution
		SolutionGuid = {98764D5C-87E5-448B-AD65-21B6F748E431}
	EndGlobalSection
EndGlobal
